// !$*UTF8*$!
{
	archiveVersion = 1;
	classes = {
	};
	objectVersion = 56;
	objects = {

/* Begin PBXBuildFile section */
		7F44111C2C6A5ED200E82C3D /* JumpKingAppApp.swift in Sources */ = {isa = PBXBuildFile; fileRef = 7F44111B2C6A5ED200E82C3D /* JumpKingAppApp.swift */; };
		7F44111E2C6A5ED200E82C3D /* ContentView.swift in Sources */ = {isa = PBXBuildFile; fileRef = 7F44111D2C6A5ED200E82C3D /* ContentView.swift */; };
		7F4411202C6A5ED500E82C3D /* Assets.xcassets in Resources */ = {isa = PBXBuildFile; fileRef = 7F44111F2C6A5ED500E82C3D /* Assets.xcassets */; };
		7F4411232C6A5ED500E82C3D /* Preview Assets.xcassets in Resources */ = {isa = PBXBuildFile; fileRef = 7F4411222C6A5ED500E82C3D /* Preview Assets.xcassets */; };
		7F82E09D2CA6302C00A20A92 /* WheelView.swift in Sources */ = {isa = PBXBuildFile; fileRef = 7F82E09C2CA6302C00A20A92 /* WheelView.swift */; };
		7F82E09F2CA6ED1000A20A92 /* ZoomView.swift in Sources */ = {isa = PBXBuildFile; fileRef = 7F82E09E2CA6ED1000A20A92 /* ZoomView.swift */; };
		7F82E0A12CA6F68400A20A92 /* CGSizeTestView.swift in Sources */ = {isa = PBXBuildFile; fileRef = 7F82E0A02CA6F68400A20A92 /* CGSizeTestView.swift */; };
		7F82E0A42CA7242D00A20A92 /* LoadingView.swift in Sources */ = {isa = PBXBuildFile; fileRef = 7F82E0A32CA7242D00A20A92 /* LoadingView.swift */; };
		7F8BDF0D2CA278160042E165 /* NewModeView.swift in Sources */ = {isa = PBXBuildFile; fileRef = 7F8BDF0C2CA278160042E165 /* NewModeView.swift */; };
		7FB887EB2C8EC560002EDC40 /* MenuView.swift in Sources */ = {isa = PBXBuildFile; fileRef = 7FB887EA2C8EC560002EDC40 /* MenuView.swift */; };
		7FF02EB42C74AE170032AF94 /* GameTime.swift in Sources */ = {isa = PBXBuildFile; fileRef = 7FF02EB32C74AE170032AF94 /* GameTime.swift */; };
		7FF02EB72C74C5F10032AF94 /* FrontView.swift in Sources */ = {isa = PBXBuildFile; fileRef = 7FF02EB62C74C5F10032AF94 /* FrontView.swift */; };
/* End PBXBuildFile section */

/* Begin PBXFileReference section */
		7F4411182C6A5ED200E82C3D /* JumpKingApp.app */ = {isa = PBXFileReference; explicitFileType = wrapper.application; includeInIndex = 0; path = JumpKingApp.app; sourceTree = BUILT_PRODUCTS_DIR; };
		7F44111B2C6A5ED200E82C3D /* JumpKingAppApp.swift */ = {isa = PBXFileReference; lastKnownFileType = sourcecode.swift; path = JumpKingAppApp.swift; sourceTree = "<group>"; };
		7F44111D2C6A5ED200E82C3D /* ContentView.swift */ = {isa = PBXFileReference; lastKnownFileType = sourcecode.swift; path = ContentView.swift; sourceTree = "<group>"; };
		7F44111F2C6A5ED500E82C3D /* Assets.xcassets */ = {isa = PBXFileReference; lastKnownFileType = folder.assetcatalog; path = Assets.xcassets; sourceTree = "<group>"; };
		7F4411222C6A5ED500E82C3D /* Preview Assets.xcassets */ = {isa = PBXFileReference; lastKnownFileType = folder.assetcatalog; path = "Preview Assets.xcassets"; sourceTree = "<group>"; };
		7F82E09C2CA6302C00A20A92 /* WheelView.swift */ = {isa = PBXFileReference; lastKnownFileType = sourcecode.swift; path = WheelView.swift; sourceTree = "<group>"; };
		7F82E09E2CA6ED1000A20A92 /* ZoomView.swift */ = {isa = PBXFileReference; lastKnownFileType = sourcecode.swift; path = ZoomView.swift; sourceTree = "<group>"; };
		7F82E0A02CA6F68400A20A92 /* CGSizeTestView.swift */ = {isa = PBXFileReference; lastKnownFileType = sourcecode.swift; path = CGSizeTestView.swift; sourceTree = "<group>"; };
		7F82E0A32CA7242D00A20A92 /* LoadingView.swift */ = {isa = PBXFileReference; lastKnownFileType = sourcecode.swift; path = LoadingView.swift; sourceTree = "<group>"; };
		7F8BDF0C2CA278160042E165 /* NewModeView.swift */ = {isa = PBXFileReference; lastKnownFileType = sourcecode.swift; path = NewModeView.swift; sourceTree = "<group>"; };
		7FB887EA2C8EC560002EDC40 /* MenuView.swift */ = {isa = PBXFileReference; lastKnownFileType = sourcecode.swift; path = MenuView.swift; sourceTree = "<group>"; };
		7FF02EB32C74AE170032AF94 /* GameTime.swift */ = {isa = PBXFileReference; lastKnownFileType = sourcecode.swift; path = GameTime.swift; sourceTree = "<group>"; };
		7FF02EB62C74C5F10032AF94 /* FrontView.swift */ = {isa = PBXFileReference; lastKnownFileType = sourcecode.swift; path = FrontView.swift; sourceTree = "<group>"; };
/* End PBXFileReference section */

/* Begin PBXFrameworksBuildPhase section */
		7F4411152C6A5ED200E82C3D /* Frameworks */ = {
			isa = PBXFrameworksBuildPhase;
			buildActionMask = 2147483647;
			files = (
			);
			runOnlyForDeploymentPostprocessing = 0;
		};
/* End PBXFrameworksBuildPhase section */

/* Begin PBXGroup section */
		7F44110F2C6A5ED200E82C3D = {
			isa = PBXGroup;
			children = (
				7F44111A2C6A5ED200E82C3D /* JumpKingApp */,
				7F4411192C6A5ED200E82C3D /* Products */,
			);
			sourceTree = "<group>";
		};
		7F4411192C6A5ED200E82C3D /* Products */ = {
			isa = PBXGroup;
			children = (
				7F4411182C6A5ED200E82C3D /* JumpKingApp.app */,
			);
			name = Products;
			sourceTree = "<group>";
		};
		7F44111A2C6A5ED200E82C3D /* JumpKingApp */ = {
			isa = PBXGroup;
			children = (
				7F44111B2C6A5ED200E82C3D /* JumpKingAppApp.swift */,
				7F44111D2C6A5ED200E82C3D /* ContentView.swift */,
				7FF02EB32C74AE170032AF94 /* GameTime.swift */,
				7FF02EB52C74C5D70032AF94 /* FrontView */,
				7F8BDF0B2CA277B00042E165 /* Mode2 */,
				7F82E0A22CA7240700A20A92 /* Ui */,
				7F44111F2C6A5ED500E82C3D /* Assets.xcassets */,
				7F4411212C6A5ED500E82C3D /* Preview Content */,
			);
			path = JumpKingApp;
			sourceTree = "<group>";
		};
		7F4411212C6A5ED500E82C3D /* Preview Content */ = {
			isa = PBXGroup;
			children = (
				7F4411222C6A5ED500E82C3D /* Preview Assets.xcassets */,
			);
			path = "Preview Content";
			sourceTree = "<group>";
		};
		7F82E0A22CA7240700A20A92 /* Ui */ = {
			isa = PBXGroup;
			children = (
				7F82E0A32CA7242D00A20A92 /* LoadingView.swift */,
			);
			path = Ui;
			sourceTree = "<group>";
		};
		7F8BDF0B2CA277B00042E165 /* Mode2 */ = {
			isa = PBXGroup;
			children = (
				7F8BDF0C2CA278160042E165 /* NewModeView.swift */,
				7F82E09C2CA6302C00A20A92 /* WheelView.swift */,
				7F82E09E2CA6ED1000A20A92 /* ZoomView.swift */,
				7F82E0A02CA6F68400A20A92 /* CGSizeTestView.swift */,
			);
			path = Mode2;
			sourceTree = "<group>";
		};
		7FF02EB52C74C5D70032AF94 /* FrontView */ = {
			isa = PBXGroup;
			children = (
				7FF02EB62C74C5F10032AF94 /* FrontView.swift */,
				7FB887EA2C8EC560002EDC40 /* MenuView.swift */,
			);
			path = FrontView;
			sourceTree = "<group>";
		};
/* End PBXGroup section */

/* Begin PBXNativeTarget section */
		7F4411172C6A5ED200E82C3D /* JumpKingApp */ = {
			isa = PBXNativeTarget;
			buildConfigurationList = 7F4411262C6A5ED500E82C3D /* Build configuration list for PBXNativeTarget "JumpKingApp" */;
			buildPhases = (
				7F4411142C6A5ED200E82C3D /* Sources */,
				7F4411152C6A5ED200E82C3D /* Frameworks */,
				7F4411162C6A5ED200E82C3D /* Resources */,
			);
			buildRules = (
			);
			dependencies = (
			);
			name = JumpKingApp;
			productName = JumpKingApp;
			productReference = 7F4411182C6A5ED200E82C3D /* JumpKingApp.app */;
			productType = "com.apple.product-type.application";
		};
/* End PBXNativeTarget section */

/* Begin PBXProject section */
		7F4411102C6A5ED200E82C3D /* Project object */ = {
			isa = PBXProject;
			attributes = {
				BuildIndependentTargetsInParallel = 1;
				LastSwiftUpdateCheck = 1530;
				LastUpgradeCheck = 1530;
				TargetAttributes = {
					7F4411172C6A5ED200E82C3D = {
						CreatedOnToolsVersion = 15.3;
					};
				};
			};
			buildConfigurationList = 7F4411132C6A5ED200E82C3D /* Build configuration list for PBXProject "JumpKingApp" */;
			compatibilityVersion = "Xcode 14.0";
			developmentRegion = en;
			hasScannedForEncodings = 0;
			knownRegions = (
				en,
				Base,
			);
			mainGroup = 7F44110F2C6A5ED200E82C3D;
			productRefGroup = 7F4411192C6A5ED200E82C3D /* Products */;
			projectDirPath = "";
			projectRoot = "";
			targets = (
				7F4411172C6A5ED200E82C3D /* JumpKingApp */,
			);
		};
/* End PBXProject section */

/* Begin PBXResourcesBuildPhase section */
		7F4411162C6A5ED200E82C3D /* Resources */ = {
			isa = PBXResourcesBuildPhase;
			buildActionMask = 2147483647;
			files = (
				7F4411232C6A5ED500E82C3D /* Preview Assets.xcassets in Resources */,
				7F4411202C6A5ED500E82C3D /* Assets.xcassets in Resources */,
			);
			runOnlyForDeploymentPostprocessing = 0;
		};
/* End PBXResourcesBuildPhase section */

/* Begin PBXSourcesBuildPhase section */
		7F4411142C6A5ED200E82C3D /* Sources */ = {
			isa = PBXSourcesBuildPhase;
			buildActionMask = 2147483647;
			files = (
				7F82E0A12CA6F68400A20A92 /* CGSizeTestView.swift in Sources */,
				7F82E09D2CA6302C00A20A92 /* WheelView.swift in Sources */,
				7F82E09F2CA6ED1000A20A92 /* ZoomView.swift in Sources */,
				7F82E0A42CA7242D00A20A92 /* LoadingView.swift in Sources */,
				7FB887EB2C8EC560002EDC40 /* MenuView.swift in Sources */,
				7F44111E2C6A5ED200E82C3D /* ContentView.swift in Sources */,
				7FF02EB42C74AE170032AF94 /* GameTime.swift in Sources */,
				7FF02EB72C74C5F10032AF94 /* FrontView.swift in Sources */,
				7F8BDF0D2CA278160042E165 /* NewModeView.swift in Sources */,
				7F44111C2C6A5ED200E82C3D /* JumpKingAppApp.swift in Sources */,
			);
			runOnlyForDeploymentPostprocessing = 0;
		};
/* End PBXSourcesBuildPhase section */

/* Begin XCBuildConfiguration section */
		7F4411242C6A5ED500E82C3D /* Debug */ = {
			isa = XCBuildConfiguration;
			buildSettings = {
				ALWAYS_SEARCH_USER_PATHS = NO;
				ASSETCATALOG_COMPILER_GENERATE_SWIFT_ASSET_SYMBOL_EXTENSIONS = YES;
				CLANG_ANALYZER_NONNULL = YES;
				CLANG_ANALYZER_NUMBER_OBJECT_CONVERSION = YES_AGGRESSIVE;
				CLANG_CXX_LANGUAGE_STANDARD = "gnu++20";
				CLANG_ENABLE_MODULES = YES;
				CLANG_ENABLE_OBJC_ARC = YES;
				CLANG_ENABLE_OBJC_WEAK = YES;
				CLANG_WARN_BLOCK_CAPTURE_AUTORELEASING = YES;
				CLANG_WARN_BOOL_CONVERSION = YES;
				CLANG_WARN_COMMA = YES;
				CLANG_WARN_CONSTANT_CONVERSION = YES;
				CLANG_WARN_DEPRECATED_OBJC_IMPLEMENTATIONS = YES;
				CLANG_WARN_DIRECT_OBJC_ISA_USAGE = YES_ERROR;
				CLANG_WARN_DOCUMENTATION_COMMENTS = YES;
				CLANG_WARN_EMPTY_BODY = YES;
				CLANG_WARN_ENUM_CONVERSION = YES;
				CLANG_WARN_INFINITE_RECURSION = YES;
				CLANG_WARN_INT_CONVERSION = YES;
				CLANG_WARN_NON_LITERAL_NULL_CONVERSION = YES;
				CLANG_WARN_OBJC_IMPLICIT_RETAIN_SELF = YES;
				CLANG_WARN_OBJC_LITERAL_CONVERSION = YES;
				CLANG_WARN_OBJC_ROOT_CLASS = YES_ERROR;
				CLANG_WARN_QUOTED_INCLUDE_IN_FRAMEWORK_HEADER = YES;
				CLANG_WARN_RANGE_LOOP_ANALYSIS = YES;
				CLANG_WARN_STRICT_PROTOTYPES = YES;
				CLANG_WARN_SUSPICIOUS_MOVE = YES;
				CLANG_WARN_UNGUARDED_AVAILABILITY = YES_AGGRESSIVE;
				CLANG_WARN_UNREACHABLE_CODE = YES;
				CLANG_WARN__DUPLICATE_METHOD_MATCH = YES;
				COPY_PHASE_STRIP = NO;
				DEBUG_INFORMATION_FORMAT = dwarf;
				ENABLE_STRICT_OBJC_MSGSEND = YES;
				ENABLE_TESTABILITY = YES;
				ENABLE_USER_SCRIPT_SANDBOXING = YES;
				GCC_C_LANGUAGE_STANDARD = gnu17;
				GCC_DYNAMIC_NO_PIC = NO;
				GCC_NO_COMMON_BLOCKS = YES;
				GCC_OPTIMIZATION_LEVEL = 0;
				GCC_PREPROCESSOR_DEFINITIONS = (
					"DEBUG=1",
					"$(inherited)",
				);
				GCC_WARN_64_TO_32_BIT_CONVERSION = YES;
				GCC_WARN_ABOUT_RETURN_TYPE = YES_ERROR;
				GCC_WARN_UNDECLARED_SELECTOR = YES;
				GCC_WARN_UNINITIALIZED_AUTOS = YES_AGGRESSIVE;
				GCC_WARN_UNUSED_FUNCTION = YES;
				GCC_WARN_UNUSED_VARIABLE = YES;
				IPHONEOS_DEPLOYMENT_TARGET = 17.4;
				LOCALIZATION_PREFERS_STRING_CATALOGS = YES;
				MTL_ENABLE_DEBUG_INFO = INCLUDE_SOURCE;
				MTL_FAST_MATH = YES;
				ONLY_ACTIVE_ARCH = YES;
				SDKROOT = iphoneos;
				SWIFT_ACTIVE_COMPILATION_CONDITIONS = "DEBUG $(inherited)";
				SWIFT_OPTIMIZATION_LEVEL = "-Onone";
			};
			name = Debug;
		};
		7F4411252C6A5ED500E82C3D /* Release */ = {
			isa = XCBuildConfiguration;
			buildSettings = {
				ALWAYS_SEARCH_USER_PATHS = NO;
				ASSETCATALOG_COMPILER_GENERATE_SWIFT_ASSET_SYMBOL_EXTENSIONS = YES;
				CLANG_ANALYZER_NONNULL = YES;
				CLANG_ANALYZER_NUMBER_OBJECT_CONVERSION = YES_AGGRESSIVE;
				CLANG_CXX_LANGUAGE_STANDARD = "gnu++20";
				CLANG_ENABLE_MODULES = YES;
				CLANG_ENABLE_OBJC_ARC = YES;
				CLANG_ENABLE_OBJC_WEAK = YES;
				CLANG_WARN_BLOCK_CAPTURE_AUTORELEASING = YES;
				CLANG_WARN_BOOL_CONVERSION = YES;
				CLANG_WARN_COMMA = YES;
				CLANG_WARN_CONSTANT_CONVERSION = YES;
				CLANG_WARN_DEPRECATED_OBJC_IMPLEMENTATIONS = YES;
				CLANG_WARN_DIRECT_OBJC_ISA_USAGE = YES_ERROR;
				CLANG_WARN_DOCUMENTATION_COMMENTS = YES;
				CLANG_WARN_EMPTY_BODY = YES;
				CLANG_WARN_ENUM_CONVERSION = YES;
				CLANG_WARN_INFINITE_RECURSION = YES;
				CLANG_WARN_INT_CONVERSION = YES;
				CLANG_WARN_NON_LITERAL_NULL_CONVERSION = YES;
				CLANG_WARN_OBJC_IMPLICIT_RETAIN_SELF = YES;
				CLANG_WARN_OBJC_LITERAL_CONVERSION = YES;
				CLANG_WARN_OBJC_ROOT_CLASS = YES_ERROR;
				CLANG_WARN_QUOTED_INCLUDE_IN_FRAMEWORK_HEADER = YES;
				CLANG_WARN_RANGE_LOOP_ANALYSIS = YES;
				CLANG_WARN_STRICT_PROTOTYPES = YES;
				CLANG_WARN_SUSPICIOUS_MOVE = YES;
				CLANG_WARN_UNGUARDED_AVAILABILITY = YES_AGGRESSIVE;
				CLANG_WARN_UNREACHABLE_CODE = YES;
				CLANG_WARN__DUPLICATE_METHOD_MATCH = YES;
				COPY_PHASE_STRIP = NO;
				DEBUG_INFORMATION_FORMAT = "dwarf-with-dsym";
				ENABLE_NS_ASSERTIONS = NO;
				ENABLE_STRICT_OBJC_MSGSEND = YES;
				ENABLE_USER_SCRIPT_SANDBOXING = YES;
				GCC_C_LANGUAGE_STANDARD = gnu17;
				GCC_NO_COMMON_BLOCKS = YES;
				GCC_WARN_64_TO_32_BIT_CONVERSION = YES;
				GCC_WARN_ABOUT_RETURN_TYPE = YES_ERROR;
				GCC_WARN_UNDECLARED_SELECTOR = YES;
				GCC_WARN_UNINITIALIZED_AUTOS = YES_AGGRESSIVE;
				GCC_WARN_UNUSED_FUNCTION = YES;
				GCC_WARN_UNUSED_VARIABLE = YES;
				IPHONEOS_DEPLOYMENT_TARGET = 17.4;
				LOCALIZATION_PREFERS_STRING_CATALOGS = YES;
				MTL_ENABLE_DEBUG_INFO = NO;
				MTL_FAST_MATH = YES;
				SDKROOT = iphoneos;
				SWIFT_COMPILATION_MODE = wholemodule;
				VALIDATE_PRODUCT = YES;
			};
			name = Release;
		};
		7F4411272C6A5ED500E82C3D /* Debug */ = {
			isa = XCBuildConfiguration;
			buildSettings = {
				ASSETCATALOG_COMPILER_APPICON_NAME = AppIcon;
				ASSETCATALOG_COMPILER_GLOBAL_ACCENT_COLOR_NAME = AccentColor;
				CODE_SIGN_STYLE = Automatic;
				CURRENT_PROJECT_VERSION = 1;
				DEVELOPMENT_ASSET_PATHS = "\"JumpKingApp/Preview Content\"";
				DEVELOPMENT_TEAM = NTA3FA6DCH;
				ENABLE_PREVIEWS = YES;
				GENERATE_INFOPLIST_FILE = YES;
				INFOPLIST_KEY_UIApplicationSceneManifest_Generation = YES;
				INFOPLIST_KEY_UIApplicationSupportsIndirectInputEvents = YES;
				INFOPLIST_KEY_UILaunchScreen_Generation = YES;
				INFOPLIST_KEY_UISupportedInterfaceOrientations_iPad = "UIInterfaceOrientationPortrait UIInterfaceOrientationPortraitUpsideDown UIInterfaceOrientationLandscapeLeft UIInterfaceOrientationLandscapeRight";
				INFOPLIST_KEY_UISupportedInterfaceOrientations_iPhone = "UIInterfaceOrientationPortrait UIInterfaceOrientationLandscapeLeft UIInterfaceOrientationLandscapeRight";
				LD_RUNPATH_SEARCH_PATHS = (
					"$(inherited)",
					"@executable_path/Frameworks",
				);
				MARKETING_VERSION = 1.0;
				PRODUCT_BUNDLE_IDENTIFIER = jp.ac.jec.cm0139.JumpKingApp;
				PRODUCT_NAME = "$(TARGET_NAME)";
				SWIFT_EMIT_LOC_STRINGS = YES;
				SWIFT_VERSION = 5.0;
				TARGETED_DEVICE_FAMILY = "1,2";
			};
			name = Debug;
		};
		7F4411282C6A5ED500E82C3D /* Release */ = {
			isa = XCBuildConfiguration;
			buildSettings = {
				ASSETCATALOG_COMPILER_APPICON_NAME = AppIcon;
				ASSETCATALOG_COMPILER_GLOBAL_ACCENT_COLOR_NAME = AccentColor;
				CODE_SIGN_STYLE = Automatic;
				CURRENT_PROJECT_VERSION = 1;
				DEVELOPMENT_ASSET_PATHS = "\"JumpKingApp/Preview Content\"";
				DEVELOPMENT_TEAM = NTA3FA6DCH;
				ENABLE_PREVIEWS = YES;
				GENERATE_INFOPLIST_FILE = YES;
				INFOPLIST_KEY_UIApplicationSceneManifest_Generation = YES;
				INFOPLIST_KEY_UIApplicationSupportsIndirectInputEvents = YES;
				INFOPLIST_KEY_UILaunchScreen_Generation = YES;
				INFOPLIST_KEY_UISupportedInterfaceOrientations_iPad = "UIInterfaceOrientationPortrait UIInterfaceOrientationPortraitUpsideDown UIInterfaceOrientationLandscapeLeft UIInterfaceOrientationLandscapeRight";
				INFOPLIST_KEY_UISupportedInterfaceOrientations_iPhone = "UIInterfaceOrientationPortrait UIInterfaceOrientationLandscapeLeft UIInterfaceOrientationLandscapeRight";
				LD_RUNPATH_SEARCH_PATHS = (
					"$(inherited)",
					"@executable_path/Frameworks",
				);
				MARKETING_VERSION = 1.0;
				PRODUCT_BUNDLE_IDENTIFIER = jp.ac.jec.cm0139.JumpKingApp;
				PRODUCT_NAME = "$(TARGET_NAME)";
				SWIFT_EMIT_LOC_STRINGS = YES;
				SWIFT_VERSION = 5.0;
				TARGETED_DEVICE_FAMILY = "1,2";
			};
			name = Release;
		};
/* End XCBuildConfiguration section */

/* Begin XCConfigurationList section */
		7F4411132C6A5ED200E82C3D /* Build configuration list for PBXProject "JumpKingApp" */ = {
			isa = XCConfigurationList;
			buildConfigurations = (
				7F4411242C6A5ED500E82C3D /* Debug */,
				7F4411252C6A5ED500E82C3D /* Release */,
			);
			defaultConfigurationIsVisible = 0;
			defaultConfigurationName = Release;
		};
		7F4411262C6A5ED500E82C3D /* Build configuration list for PBXNativeTarget "JumpKingApp" */ = {
			isa = XCConfigurationList;
			buildConfigurations = (
				7F4411272C6A5ED500E82C3D /* Debug */,
				7F4411282C6A5ED500E82C3D /* Release */,
			);
			defaultConfigurationIsVisible = 0;
			defaultConfigurationName = Release;
		};
/* End XCConfigurationList section */
	};
	rootObject = 7F4411102C6A5ED200E82C3D /* Project object */;
}
